
Microsoft Visual Studio Solution File, Format Version 12.00
# Visual Studio Version 17
VisualStudioVersion = 17.13.35825.156
MinimumVisualStudioVersion = 10.0.40219.1
Project("{FAE04EC0-301F-11D3-BF4B-00C04F79EFBC}") = "WebApplication-MVC", "WebApplication-MVC\WebApplication-MVC.csproj", "{C8934289-F630-4777-8081-0427BA7B064B}"
EndProject
Project("{FAE04EC0-301F-11D3-BF4B-00C04F79EFBC}") = "WebApplication-WebForms", "WebApplication-WebForms\WebApplication-WebForms.csproj", "{225E634E-7F0F-45F8-81DB-0814F495F865}"
EndProject
Project("{FAE04EC0-301F-11D3-BF4B-00C04F79EFBC}") = "WebApplication-Blazer", "WebApplication-Blazer\WebApplication-Blazer.csproj", "{2BA63001-079C-4653-8998-3289692BE3EA}"
EndProject
Global
	GlobalSection(SolutionConfigurationPlatforms) = preSolution
		Debug|Any CPU = Debug|Any CPU
		Release|Any CPU = Release|Any CPU
	EndGlobalSection
	GlobalSection(ProjectConfigurationPlatforms) = postSolution
		{C8934289-F630-4777-8081-0427BA7B064B}.Debug|Any CPU.ActiveCfg = Debug|Any CPU
		{C8934289-F630-4777-8081-0427BA7B064B}.Debug|Any CPU.Build.0 = Debug|Any CPU
		{C8934289-F630-4777-8081-0427BA7B064B}.Release|Any CPU.ActiveCfg = Release|Any CPU
		{C8934289-F630-4777-8081-0427BA7B064B}.Release|Any CPU.Build.0 = Release|Any CPU
		{225E634E-7F0F-45F8-81DB-0814F495F865}.Debug|Any CPU.ActiveCfg = Debug|Any CPU
		{225E634E-7F0F-45F8-81DB-0814F495F865}.Debug|Any CPU.Build.0 = Debug|Any CPU
		{225E634E-7F0F-45F8-81DB-0814F495F865}.Release|Any CPU.ActiveCfg = Release|Any CPU
		{225E634E-7F0F-45F8-81DB-0814F495F865}.Release|Any CPU.Build.0 = Release|Any CPU
		{2BA63001-079C-4653-8998-3289692BE3EA}.Debug|Any CPU.ActiveCfg = Debug|Any CPU
		{2BA63001-079C-4653-8998-3289692BE3EA}.Debug|Any CPU.Build.0 = Debug|Any CPU
		{2BA63001-079C-4653-8998-3289692BE3EA}.Release|Any CPU.ActiveCfg = Release|Any CPU
		{2BA63001-079C-4653-8998-3289692BE3EA}.Release|Any CPU.Build.0 = Release|Any CPU
	EndGlobalSection
	GlobalSection(SolutionProperties) = preSolution
		HideSolutionNode = FALSE
	EndGlobalSection
	GlobalSection(ExtensibilityGlobals) = postSolution
		SolutionGuid = {BD25E28F-546C-4A96-8205-44698E6CCA99}
	EndGlobalSection
EndGlobal
